
Microsoft Visual Studio Solution File, Format Version 12.00
# Visual Studio 15
VisualStudioVersion = 15.0.28307.421
MinimumVisualStudioVersion = 10.0.40219.1
Project("{FAE04EC0-301F-11D3-BF4B-00C04F79EFBC}") = "SentencesDbApp", "SentencesDbApp\SentencesDbApp.csproj", "{2EB4C01E-1008-4081-8931-CECBD12624BE}"
EndProject
Global
	GlobalSection(SolutionConfigurationPlatforms) = preSolution
		Debug|Any CPU = Debug|Any CPU
		Release|Any CPU = Release|Any CPU
	EndGlobalSection
	GlobalSection(ProjectConfigurationPlatforms) = postSolution
		{2EB4C01E-1008-4081-8931-CECBD12624BE}.Debug|Any CPU.ActiveCfg = Debug|Any CPU
		{2EB4C01E-1008-4081-8931-CECBD12624BE}.Debug|Any CPU.Build.0 = Debug|Any CPU
		{2EB4C01E-1008-4081-8931-CECBD12624BE}.Release|Any CPU.ActiveCfg = Release|Any CPU
		{2EB4C01E-1008-4081-8931-CECBD12624BE}.Release|Any CPU.Build.0 = Release|Any CPU
	EndGlobalSection
	GlobalSection(SolutionProperties) = preSolution
		HideSolutionNode = FALSE
	EndGlobalSection
	GlobalSection(ExtensibilityGlobals) = postSolution
		SolutionGuid = {4661408E-87D9-4D4F-856F-77B6986B046E}
	EndGlobalSection
EndGlobal
